
Microsoft Visual Studio Solution File, Format Version 12.00
# Visual Studio Version 16
VisualStudioVersion = 16.0.30413.136
MinimumVisualStudioVersion = 10.0.40219.1
Project("{FAE04EC0-301F-11D3-BF4B-00C04F79EFBC}") = "ConvertDataType", "ConvertDataType\ConvertDataType.csproj", "{EF433F48-B1C4-462D-B53B-70FA43851D99}"
EndProject
Global
	GlobalSection(SolutionConfigurationPlatforms) = preSolution
		Debug|Any CPU = Debug|Any CPU
		Release|Any CPU = Release|Any CPU
	EndGlobalSection
	GlobalSection(ProjectConfigurationPlatforms) = postSolution
		{EF433F48-B1C4-462D-B53B-70FA43851D99}.Debug|Any CPU.ActiveCfg = Debug|Any CPU
		{EF433F48-B1C4-462D-B53B-70FA43851D99}.Debug|Any CPU.Build.0 = Debug|Any CPU
		{EF433F48-B1C4-462D-B53B-70FA43851D99}.Release|Any CPU.ActiveCfg = Release|Any CPU
		{EF433F48-B1C4-462D-B53B-70FA43851D99}.Release|Any CPU.Build.0 = Release|Any CPU
	EndGlobalSection
	GlobalSection(SolutionProperties) = preSolution
		HideSolutionNode = FALSE
	EndGlobalSection
	GlobalSection(ExtensibilityGlobals) = postSolution
		SolutionGuid = {FDF6638B-A16A-4479-A4E3-27758166E28B}
	EndGlobalSection
EndGlobal
